
Microsoft Visual Studio Solution File, Format Version 12.00
# Visual Studio Version 16
VisualStudioVersion = 16.0.32126.315
MinimumVisualStudioVersion = 10.0.40219.1
Project("{F2A71F9B-5D33-465A-A702-920D77279786}") = "Lr7_48", "Lr7_48.fsproj", "{F0452CDA-CA58-4092-8AF7-F3371D7BD4D7}"
EndProject
Global
	GlobalSection(SolutionConfigurationPlatforms) = preSolution
		Debug|Any CPU = Debug|Any CPU
		Release|Any CPU = Release|Any CPU
	EndGlobalSection
	GlobalSection(ProjectConfigurationPlatforms) = postSolution
		{F0452CDA-CA58-4092-8AF7-F3371D7BD4D7}.Debug|Any CPU.ActiveCfg = Debug|Any CPU
		{F0452CDA-CA58-4092-8AF7-F3371D7BD4D7}.Debug|Any CPU.Build.0 = Debug|Any CPU
		{F0452CDA-CA58-4092-8AF7-F3371D7BD4D7}.Release|Any CPU.ActiveCfg = Release|Any CPU
		{F0452CDA-CA58-4092-8AF7-F3371D7BD4D7}.Release|Any CPU.Build.0 = Release|Any CPU
	EndGlobalSection
	GlobalSection(SolutionProperties) = preSolution
		HideSolutionNode = FALSE
	EndGlobalSection
	GlobalSection(ExtensibilityGlobals) = postSolution
		SolutionGuid = {0B15E039-1E20-42E5-8152-968A9DE651D3}
	EndGlobalSection
EndGlobal
