
Microsoft Visual Studio Solution File, Format Version 12.00
# Visual Studio Version 16
VisualStudioVersion = 16.0.32126.315
MinimumVisualStudioVersion = 10.0.40219.1
Project("{F2A71F9B-5D33-465A-A702-920D77279786}") = "Lr7_58", "Lr7_58.fsproj", "{4345321A-15EC-4139-9EB5-FFE2F0A235B1}"
EndProject
Global
	GlobalSection(SolutionConfigurationPlatforms) = preSolution
		Debug|Any CPU = Debug|Any CPU
		Release|Any CPU = Release|Any CPU
	EndGlobalSection
	GlobalSection(ProjectConfigurationPlatforms) = postSolution
		{4345321A-15EC-4139-9EB5-FFE2F0A235B1}.Debug|Any CPU.ActiveCfg = Debug|Any CPU
		{4345321A-15EC-4139-9EB5-FFE2F0A235B1}.Debug|Any CPU.Build.0 = Debug|Any CPU
		{4345321A-15EC-4139-9EB5-FFE2F0A235B1}.Release|Any CPU.ActiveCfg = Release|Any CPU
		{4345321A-15EC-4139-9EB5-FFE2F0A235B1}.Release|Any CPU.Build.0 = Release|Any CPU
	EndGlobalSection
	GlobalSection(SolutionProperties) = preSolution
		HideSolutionNode = FALSE
	EndGlobalSection
	GlobalSection(ExtensibilityGlobals) = postSolution
		SolutionGuid = {E42940A4-33AE-4BDF-8F47-6635B1E1A98C}
	EndGlobalSection
EndGlobal
