
Microsoft Visual Studio Solution File, Format Version 12.00
# Visual Studio Version 17
VisualStudioVersion = 17.1.32407.343
MinimumVisualStudioVersion = 10.0.40219.1
Project("{F2A71F9B-5D33-465A-A702-920D77279786}") = "Lr8_3", "Lr8_3.fsproj", "{37F93CCB-03B3-43FD-9A95-655E7B6E81A7}"
EndProject
Global
	GlobalSection(SolutionConfigurationPlatforms) = preSolution
		Debug|Any CPU = Debug|Any CPU
		Release|Any CPU = Release|Any CPU
	EndGlobalSection
	GlobalSection(ProjectConfigurationPlatforms) = postSolution
		{37F93CCB-03B3-43FD-9A95-655E7B6E81A7}.Debug|Any CPU.ActiveCfg = Debug|Any CPU
		{37F93CCB-03B3-43FD-9A95-655E7B6E81A7}.Debug|Any CPU.Build.0 = Debug|Any CPU
		{37F93CCB-03B3-43FD-9A95-655E7B6E81A7}.Release|Any CPU.ActiveCfg = Release|Any CPU
		{37F93CCB-03B3-43FD-9A95-655E7B6E81A7}.Release|Any CPU.Build.0 = Release|Any CPU
	EndGlobalSection
	GlobalSection(SolutionProperties) = preSolution
		HideSolutionNode = FALSE
	EndGlobalSection
	GlobalSection(ExtensibilityGlobals) = postSolution
		SolutionGuid = {EBD75653-1428-4500-BB7D-8AFE5C92DAF3}
	EndGlobalSection
EndGlobal
