
Microsoft Visual Studio Solution File, Format Version 12.00
# Visual Studio Version 16
VisualStudioVersion = 16.0.32126.315
MinimumVisualStudioVersion = 10.0.40219.1
Project("{F2A71F9B-5D33-465A-A702-920D77279786}") = "Lr5_18", "Lr5_18.fsproj", "{73D550E1-8ECF-41C4-B035-5CA5EEAE4703}"
EndProject
Global
	GlobalSection(SolutionConfigurationPlatforms) = preSolution
		Debug|Any CPU = Debug|Any CPU
		Release|Any CPU = Release|Any CPU
	EndGlobalSection
	GlobalSection(ProjectConfigurationPlatforms) = postSolution
		{73D550E1-8ECF-41C4-B035-5CA5EEAE4703}.Debug|Any CPU.ActiveCfg = Debug|Any CPU
		{73D550E1-8ECF-41C4-B035-5CA5EEAE4703}.Debug|Any CPU.Build.0 = Debug|Any CPU
		{73D550E1-8ECF-41C4-B035-5CA5EEAE4703}.Release|Any CPU.ActiveCfg = Release|Any CPU
		{73D550E1-8ECF-41C4-B035-5CA5EEAE4703}.Release|Any CPU.Build.0 = Release|Any CPU
	EndGlobalSection
	GlobalSection(SolutionProperties) = preSolution
		HideSolutionNode = FALSE
	EndGlobalSection
	GlobalSection(ExtensibilityGlobals) = postSolution
		SolutionGuid = {8B5690FE-2083-4F53-89FD-C7EEF6800A74}
	EndGlobalSection
EndGlobal
