
Microsoft Visual Studio Solution File, Format Version 12.00
# Visual Studio Version 17
VisualStudioVersion = 17.1.32407.343
MinimumVisualStudioVersion = 10.0.40219.1
Project("{F2A71F9B-5D33-465A-A702-920D77279786}") = "Lr8_4", "Lr8_4.fsproj", "{5A8AE377-3D55-469D-AABD-A7AA0804ED5B}"
EndProject
Global
	GlobalSection(SolutionConfigurationPlatforms) = preSolution
		Debug|Any CPU = Debug|Any CPU
		Release|Any CPU = Release|Any CPU
	EndGlobalSection
	GlobalSection(ProjectConfigurationPlatforms) = postSolution
		{5A8AE377-3D55-469D-AABD-A7AA0804ED5B}.Debug|Any CPU.ActiveCfg = Debug|Any CPU
		{5A8AE377-3D55-469D-AABD-A7AA0804ED5B}.Debug|Any CPU.Build.0 = Debug|Any CPU
		{5A8AE377-3D55-469D-AABD-A7AA0804ED5B}.Release|Any CPU.ActiveCfg = Release|Any CPU
		{5A8AE377-3D55-469D-AABD-A7AA0804ED5B}.Release|Any CPU.Build.0 = Release|Any CPU
	EndGlobalSection
	GlobalSection(SolutionProperties) = preSolution
		HideSolutionNode = FALSE
	EndGlobalSection
	GlobalSection(ExtensibilityGlobals) = postSolution
		SolutionGuid = {6A85862F-B5A5-4556-99AF-BB812E5D09F4}
	EndGlobalSection
EndGlobal
